<?xml version="1.0" encoding="utf-8"?>
<Project xmlns="http://schemas.microsoft.com/developer/msbuild/2003" ToolsVersion="4.0">
  <ItemGroup>
    <Filter Include="inc">
      <UniqueIdentifier>{92D8387F-9A0C-4F24-8300-06823BE01407}</UniqueIdentifier>
    </Filter>
    <Filter Include="src">
      <UniqueIdentifier>{07B90D3B-B8D5-473A-AAA1-762FD11C28AE}</UniqueIdentifier>
    </Filter>
  </ItemGroup>
  <ItemGroup>
    <ClInclude Include="inc\RunLogger.h">
      <Filter>inc</Filter>
    </ClInclude>
    <ClInclude Include="inc\run_logger_global.h">
      <Filter>inc</Filter>
    </ClInclude>
  </ItemGroup>
  <ItemGroup>
    <ClCompile Include="source\RunLogger.cpp">
      <Filter>src</Filter>
    </ClCompile>
  </ItemGroup>
</Project>