<?xml version="1.0" encoding="utf-8"?>
<Project xmlns="http://schemas.microsoft.com/developer/msbuild/2003" ToolsVersion="4.0">
  <ItemGroup>
    <Filter Include="inc">
      <UniqueIdentifier>{93995380-89BD-4b04-88EB-625FBE52EBFB}</UniqueIdentifier>
      <Extensions>h;hh;hpp;hxx;h++;hm;inl;inc;ipp;xsd</Extensions>
    </Filter>
    <Filter Include="inc\headless_stub">
      <UniqueIdentifier>{6A9D7740-B2A5-4A78-9CF7-D35AD1E7599F}</UniqueIdentifier>
    </Filter>
    <Filter Include="src">
      <UniqueIdentifier>{4FC737F1-C7A5-4376-A066-2A32D752A2FF}</UniqueIdentifier>
      <Extensions>cpp;c;cc;cxx;c++;cppm;ixx;def;odl;idl;hpj;bat;asm;asmx</Extensions>
    </Filter>
    <Filter Include="src\Global">
      <UniqueIdentifier>{C6B49D86-5403-4050-98C8-136E708E6B7E}</UniqueIdentifier>
    </Filter>
    <Filter Include="src\Other">
      <UniqueIdentifier>{A423608C-4B5D-43F9-88C8-1636CB345C39}</UniqueIdentifier>
    </Filter>
    <Filter Include="src\headless">
      <UniqueIdentifier>{B8279A21-8161-4C98-B9B9-C6340EE670C5}</UniqueIdentifier>
    </Filter>
  </ItemGroup>
  <ItemGroup>
    <ClCompile Include="source\headless\OsgWidgetSceneBridge_Headless.cpp">
      <Filter>src\headless</Filter>
    </ClCompile>
    <ClCompile Include="source\HostOsgFlavorHooks_Headless.cpp">
      <Filter>src\Other</Filter>
    </ClCompile>
    <ClCompile Include="source\pch.cpp">
      <Filter>src\Global</Filter>
    </ClCompile>
  </ItemGroup>
  <ItemGroup>
    <QtMoc Include="inc\headless_stub\OsgWidget.h">
      <Filter>inc\headless_stub</Filter>
    </QtMoc>
  </ItemGroup>
</Project>
