<?xml version="1.0" encoding="utf-8"?>
<Project xmlns="http://schemas.microsoft.com/developer/msbuild/2003" ToolsVersion="4.0">
  <ItemGroup>
    <Filter Include="inc">
      <UniqueIdentifier>{3F154F73-8BAB-4E98-AB6A-B8D957154445}</UniqueIdentifier>
      <Extensions>h;hh;hpp;hxx;h++;hm;inl;inc;ipp;xsd</Extensions>
    </Filter>
    <Filter Include="inc\DocumentHost">
      <UniqueIdentifier>{E539C08E-48CB-4844-B29C-5565D01F3949}</UniqueIdentifier>
    </Filter>
    <Filter Include="inc\Global">
      <UniqueIdentifier>{BC3247B9-F407-41A4-912A-FB3DDDAD8B5D}</UniqueIdentifier>
    </Filter>
    <Filter Include="inc\Other">
      <UniqueIdentifier>{F61B5677-A84C-4872-9F7B-FF993FD25012}</UniqueIdentifier>
    </Filter>
    <Filter Include="inc\Visual">
      <UniqueIdentifier>{7B1C8909-FB3D-42C7-8B14-3B893CF4078F}</UniqueIdentifier>
    </Filter>
    <Filter Include="inc\adapters">
      <UniqueIdentifier>{2D876BB4-33AD-490F-86E0-32338263A1E7}</UniqueIdentifier>
    </Filter>
    <Filter Include="inc\follow">
      <UniqueIdentifier>{7BBD6433-AC94-456A-8AFB-96553D55555A}</UniqueIdentifier>
    </Filter>
    <Filter Include="inc\headless">
      <UniqueIdentifier>{0DE626FC-E25F-422E-824B-39DD39652A00}</UniqueIdentifier>
    </Filter>
    <Filter Include="inc\import">
      <UniqueIdentifier>{FD1AF6C5-07CD-4E97-B2F8-84296FB65D41}</UniqueIdentifier>
    </Filter>
    <Filter Include="inc\io">
      <UniqueIdentifier>{A21ECA5A-DDC0-4724-A02E-99447111B96A}</UniqueIdentifier>
    </Filter>
    <Filter Include="inc\osg">
      <UniqueIdentifier>{B9C6F513-7919-443B-BC38-A810C80B8F46}</UniqueIdentifier>
    </Filter>
    <Filter Include="inc\pluginhost">
      <UniqueIdentifier>{F8FE2CC0-F03A-4CEA-ADFE-1A3CB775AC22}</UniqueIdentifier>
    </Filter>
    <Filter Include="inc\project">
      <UniqueIdentifier>{AAE65494-A8A4-47B3-B3BC-694E7E015001}</UniqueIdentifier>
    </Filter>
    <Filter Include="inc\robot">
      <UniqueIdentifier>{F57A13CB-3DB8-434E-ADA3-14504A771686}</UniqueIdentifier>
    </Filter>
    <Filter Include="src">
      <UniqueIdentifier>{5786FE43-7F1A-416C-AB85-A2E8AC7D546F}</UniqueIdentifier>
      <Extensions>cpp;c;cc;cxx;c++;cppm;ixx;def;odl;idl;hpj;bat;asm;asmx</Extensions>
    </Filter>
    <Filter Include="src\DocumentHost">
      <UniqueIdentifier>{570088B3-8754-4D47-B275-D6B5D61F2545}</UniqueIdentifier>
    </Filter>
    <Filter Include="src\Global">
      <UniqueIdentifier>{C07878A4-66F3-4B4D-B071-8D474924925E}</UniqueIdentifier>
    </Filter>
    <Filter Include="src\Other">
      <UniqueIdentifier>{9BBCA4C1-9A62-40BA-9FC9-478608F19CC3}</UniqueIdentifier>
    </Filter>
    <Filter Include="src\Visual">
      <UniqueIdentifier>{AD9890D6-EB74-467F-8A7F-947E88642C4C}</UniqueIdentifier>
    </Filter>
    <Filter Include="src\adapters">
      <UniqueIdentifier>{F8E32EF5-ECD9-4767-8491-85897EF982CC}</UniqueIdentifier>
    </Filter>
    <Filter Include="src\follow">
      <UniqueIdentifier>{57EEBE29-706B-4BC0-85AC-C5F4F7D089E9}</UniqueIdentifier>
    </Filter>
    <Filter Include="src\headless">
      <UniqueIdentifier>{E207727F-C58D-4B2A-A076-2E572E6CB874}</UniqueIdentifier>
    </Filter>
    <Filter Include="src\import">
      <UniqueIdentifier>{01F9F990-8249-4DCE-9855-8E293732FE2B}</UniqueIdentifier>
    </Filter>
    <Filter Include="src\io">
      <UniqueIdentifier>{F4596DC2-FD8E-4AAD-8847-29324F867C62}</UniqueIdentifier>
    </Filter>
    <Filter Include="src\osg">
      <UniqueIdentifier>{D3F4293B-C32C-454E-AD92-D239C86494C1}</UniqueIdentifier>
    </Filter>
    <Filter Include="src\pluginhost">
      <UniqueIdentifier>{EF09C5C7-6519-4A84-ABC1-D3B296A631AD}</UniqueIdentifier>
    </Filter>
    <Filter Include="src\project">
      <UniqueIdentifier>{5233C3ED-2466-4B46-8C98-375E28D7DCB1}</UniqueIdentifier>
    </Filter>
    <Filter Include="src\robot">
      <UniqueIdentifier>{705B5397-175B-4892-A1E6-90BBD8C08516}</UniqueIdentifier>
    </Filter>
  </ItemGroup>
  <ItemGroup>
    <ClInclude Include="inc\adapters\DataServiceAdapter.h">
      <Filter>inc\adapters</Filter>
    </ClInclude>
    <ClInclude Include="inc\adapters\OsgRenderViewAdapter.h">
      <Filter>inc\adapters</Filter>
    </ClInclude>
    <ClInclude Include="inc\adapters\RobotServiceAdapter.h">
      <Filter>inc\adapters</Filter>
    </ClInclude>
    <ClInclude Include="inc\AnnotationProjectIo.h">
      <Filter>inc\project</Filter>
    </ClInclude>
    <ClInclude Include="inc\AssemblyMateApply.h">
      <Filter>inc\import</Filter>
    </ClInclude>
    <ClInclude Include="inc\BackendFileImport.h">
      <Filter>inc\import</Filter>
    </ClInclude>
    <ClInclude Include="inc\BackendFollowSolve.h">
      <Filter>inc\follow</Filter>
    </ClInclude>
    <ClInclude Include="inc\BackendHierarchyFollow.h">
      <Filter>inc\follow</Filter>
    </ClInclude>
    <ClInclude Include="inc\BackendProjectObjectIo.h">
      <Filter>inc\project</Filter>
    </ClInclude>
    <ClInclude Include="inc\BackendVisualSync.h">
      <Filter>inc\follow</Filter>
    </ClInclude>
    <ClInclude Include="inc\cloudsim_host_global.h">
      <Filter>inc\Global</Filter>
    </ClInclude>
    <ClInclude Include="inc\CloudSimHost.h">
      <Filter>inc\DocumentHost</Filter>
    </ClInclude>
    <ClInclude Include="inc\DocumentFollowState.h">
      <Filter>inc\DocumentHost</Filter>
    </ClInclude>
    <ClInclude Include="inc\DocumentHostEvents.h">
      <Filter>inc\follow</Filter>
    </ClInclude>
    <ClInclude Include="inc\DocumentImportFacade.h">
      <Filter>inc\import</Filter>
    </ClInclude>
    <ClInclude Include="inc\DocumentProjectSidecar.h">
      <Filter>inc\DocumentHost</Filter>
    </ClInclude>
    <ClInclude Include="inc\GeometryImportUiFilters.h">
      <Filter>inc</Filter>
    </ClInclude>
    <ClInclude Include="inc\headless\HeadlessAiBridge.h">
      <Filter>inc\headless</Filter>
    </ClInclude>
    <ClInclude Include="inc\headless\HeadlessDrawingBridge.h">
      <Filter>inc\headless</Filter>
    </ClInclude>
    <ClInclude Include="inc\headless\HeadlessGeometryBridge.h">
      <Filter>inc\headless</Filter>
    </ClInclude>
    <ClInclude Include="inc\headless\HeadlessGeomodelBridge.h">
      <Filter>inc\headless</Filter>
    </ClInclude>
    <ClInclude Include="inc\headless\HeadlessLabelingBridge.h">
      <Filter>inc\headless</Filter>
    </ClInclude>
    <ClInclude Include="inc\headless\HeadlessProcessFlowBridge.h">
      <Filter>inc\headless</Filter>
    </ClInclude>
    <ClInclude Include="inc\headless\HeadlessProgramEditBridge.h">
      <Filter>inc\headless</Filter>
    </ClInclude>
    <ClInclude Include="inc\headless\HeadlessRobotCollisionBridge.h">
      <Filter>inc\headless</Filter>
    </ClInclude>
    <ClInclude Include="inc\headless\HeadlessRobotExportBridge.h">
      <Filter>inc\headless</Filter>
    </ClInclude>
    <ClInclude Include="inc\HeadlessInstructionPropertyDelegate.h">
      <Filter>inc\headless</Filter>
    </ClInclude>
    <ClInclude Include="inc\HeadlessPointCloudBridge.h">
      <Filter>inc\headless</Filter>
    </ClInclude>
    <ClInclude Include="inc\HeadlessRobotContext.h">
      <Filter>inc\headless</Filter>
    </ClInclude>
    <ClInclude Include="inc\HeadlessTrajectorySession.h">
      <Filter>inc\headless</Filter>
    </ClInclude>
    <ClInclude Include="inc\HierarchyMeshImport.h">
      <Filter>inc\import</Filter>
    </ClInclude>
    <ClInclude Include="inc\HostRenderViewFactory.h">
      <Filter>inc\Visual</Filter>
    </ClInclude>
    <ClInclude Include="inc\import\ApplyGeometryImportParse.h">
      <Filter>inc\import</Filter>
    </ClInclude>
    <ClInclude Include="inc\import\GeometryFileImporterRegistry.h">
      <Filter>inc\import</Filter>
    </ClInclude>
    <ClInclude Include="inc\import\GeometryImportUiFilters.h">
      <Filter>inc\import</Filter>
    </ClInclude>
    <ClInclude Include="inc\import\IGeometryFileImporter.h">
      <Filter>inc\import</Filter>
    </ClInclude>
    <ClInclude Include="inc\io\CustomDeviceHostOps.h">
      <Filter>inc\io</Filter>
    </ClInclude>
    <ClInclude Include="inc\io\CustomDeviceRobotMountOps.h">
      <Filter>inc\io</Filter>
    </ClInclude>
    <ClInclude Include="inc\IRobotUrdfImportContext.h">
      <Filter>inc\import</Filter>
    </ClInclude>
    <ClInclude Include="inc\pluginhost\Ai\AiActionPlanExecutor.h">
      <Filter>inc\Other</Filter>
    </ClInclude>
    <ClInclude Include="inc\pluginhost\Ai\AiAgentMemory.h">
      <Filter>inc\Other</Filter>
    </ClInclude>
    <ClInclude Include="inc\pluginhost\Ai\AiAgentPickDialog.h">
      <Filter>inc\Other</Filter>
    </ClInclude>
    <ClInclude Include="inc\pluginhost\Ai\AiAgentPlanBuilder.h">
      <Filter>inc\Other</Filter>
    </ClInclude>
    <ClInclude Include="inc\pluginhost\Ai\AiAgentRuntime.h">
      <Filter>inc\Other</Filter>
    </ClInclude>
    <ClInclude Include="inc\pluginhost\Ai\AiAgentTrace.h">
      <Filter>inc\Other</Filter>
    </ClInclude>
    <ClInclude Include="inc\pluginhost\Ai\AiApiCatalogEmbedded.h">
      <Filter>inc\Other</Filter>
    </ClInclude>
    <ClInclude Include="inc\pluginhost\Ai\AiArgsSchema.h">
      <Filter>inc\Other</Filter>
    </ClInclude>
    <ClInclude Include="inc\pluginhost\Ai\AiAssistantHostImpl.h">
      <Filter>inc\Other</Filter>
    </ClInclude>
    <ClInclude Include="inc\pluginhost\Ai\AiCatalogKeywordMatcher.h">
      <Filter>inc\Other</Filter>
    </ClInclude>
    <ClInclude Include="inc\pluginhost\Ai\AiCommandSchema.h">
      <Filter>inc\Other</Filter>
    </ClInclude>
    <ClInclude Include="inc\pluginhost\Ai\AiConfigLoader.h">
      <Filter>inc\Other</Filter>
    </ClInclude>
    <ClInclude Include="inc\pluginhost\Ai\AiDomainRegistryImpl.h">
      <Filter>inc\Other</Filter>
    </ClInclude>
    <ClInclude Include="inc\pluginhost\Ai\AiDomainRouter.h">
      <Filter>inc\Other</Filter>
    </ClInclude>
    <ClInclude Include="inc\pluginhost\Ai\AiFeatureComposeSteps.h">
      <Filter>inc\Other</Filter>
    </ClInclude>
    <ClInclude Include="inc\pluginhost\Ai\AiHostButtonApiDispatch.h">
      <Filter>inc\Other</Filter>
    </ClInclude>
    <ClInclude Include="inc\pluginhost\Ai\AiHttpsPost.h">
      <Filter>inc\Other</Filter>
    </ClInclude>
    <ClInclude Include="inc\pluginhost\Ai\AiIntentClassifier.h">
      <Filter>inc\Other</Filter>
    </ClInclude>
    <ClInclude Include="inc\pluginhost\Ai\AiIntentParser.h">
      <Filter>inc\Other</Filter>
    </ClInclude>
    <ClInclude Include="inc\pluginhost\Ai\AiLlmClient.h">
      <Filter>inc\Other</Filter>
    </ClInclude>
    <ClInclude Include="inc\pluginhost\Ai\AiLlmConfig.h">
      <Filter>inc\Other</Filter>
    </ClInclude>
    <ClInclude Include="inc\pluginhost\Ai\AiMeshDefaults.h">
      <Filter>inc\Other</Filter>
    </ClInclude>
    <ClInclude Include="inc\pluginhost\Ai\AiProcessFlowRules.h">
      <Filter>inc\Other</Filter>
    </ClInclude>
    <ClInclude Include="inc\pluginhost\Ai\AiProgressSink.h">
      <Filter>inc\Other</Filter>
    </ClInclude>
    <ClInclude Include="inc\pluginhost\Ai\AiSceneOpsRules.h">
      <Filter>inc\Other</Filter>
    </ClInclude>
    <ClInclude Include="inc\pluginhost\Ai\AiSceneSnapshotBuilder.h">
      <Filter>inc\Other</Filter>
    </ClInclude>
    <ClInclude Include="inc\pluginhost\Ai\AiTrajectoryFeatureCatalog.h">
      <Filter>inc\Other</Filter>
    </ClInclude>
    <ClInclude Include="inc\pluginhost\Ai\CatalogActionPlanDomainHandler.h">
      <Filter>inc\Other</Filter>
    </ClInclude>
    <ClInclude Include="inc\pluginhost\Ai\DesignPartsCatalog.h">
      <Filter>inc\Other</Filter>
    </ClInclude>
    <ClInclude Include="inc\pluginhost\Ai\DesignPartsDomainHandler.h">
      <Filter>inc\Other</Filter>
    </ClInclude>
    <ClInclude Include="inc\pluginhost\Ai\FeatureComposeDomainHandler.h">
      <Filter>inc\Other</Filter>
    </ClInclude>
    <ClInclude Include="inc\pluginhost\Ai\GeometryRecognizeDomainHandler.h">
      <Filter>inc\Other</Filter>
    </ClInclude>
    <ClInclude Include="inc\pluginhost\Ai\MeshComposeDomainHandler.h">
      <Filter>inc\Other</Filter>
    </ClInclude>
    <ClInclude Include="inc\pluginhost\Ai\MeshCreateDomainHandler.h">
      <Filter>inc\Other</Filter>
    </ClInclude>
    <ClInclude Include="inc\pluginhost\Ai\TrajectoryFeatureDomainHandler.h">
      <Filter>inc\Other</Filter>
    </ClInclude>
    <ClInclude Include="inc\pluginhost\DocumentGeometryOps.h">
      <Filter>inc\pluginhost</Filter>
    </ClInclude>
    <ClInclude Include="inc\pluginhost\DocumentPointCloudOps.h">
      <Filter>inc\pluginhost</Filter>
    </ClInclude>
    <ClInclude Include="inc\pluginhost\IPluginMainWindowHost.h">
      <Filter>inc\pluginhost</Filter>
    </ClInclude>
    <ClInclude Include="inc\pluginhost\PluginDelegatedBackend.h">
      <Filter>inc\pluginhost</Filter>
    </ClInclude>
    <ClInclude Include="inc\pluginhost\PluginDocumentAdapter.h">
      <Filter>inc\pluginhost</Filter>
    </ClInclude>
    <ClInclude Include="inc\pluginhost\PluginGeometryHostImpl.h">
      <Filter>inc\pluginhost</Filter>
    </ClInclude>
    <ClInclude Include="inc\pluginhost\PluginPointCloudHostImpl.h">
      <Filter>inc\pluginhost</Filter>
    </ClInclude>
    <ClInclude Include="inc\pluginhost\PluginPropertyBindingRegistry.h">
      <Filter>inc\pluginhost</Filter>
    </ClInclude>
    <ClInclude Include="inc\pluginhost\PluginPropertyBindingSelfTest.h">
      <Filter>inc\pluginhost</Filter>
    </ClInclude>
    <ClInclude Include="inc\pluginhost\PluginRobotHostImpl.h">
      <Filter>inc\pluginhost</Filter>
    </ClInclude>
    <ClInclude Include="inc\pluginhost\PluginSceneBridgeAdapter.h">
      <Filter>inc\pluginhost</Filter>
    </ClInclude>
    <ClInclude Include="inc\ProjectPackageIo.h">
      <Filter>inc\project</Filter>
    </ClInclude>
    <ClInclude Include="inc\RobotCoordinateFrameOps.h">
      <Filter>inc\robot</Filter>
    </ClInclude>
    <ClInclude Include="inc\RobotPlanInstruction.h">
      <Filter>inc\robot</Filter>
    </ClInclude>
    <ClInclude Include="inc\RobotProgramJsonIo.h">
      <Filter>inc\robot</Filter>
    </ClInclude>
    <ClInclude Include="inc\RobotProjectKinematicsRestore.h">
      <Filter>inc\project</Filter>
    </ClInclude>
    <ClInclude Include="inc\UrdfRobotImport.h">
      <Filter>inc\robot</Filter>
    </ClInclude>
    <ClInclude Include="inc\visual\BackendVisualEnsure.h">
      <Filter>inc\Visual</Filter>
    </ClInclude>
    <ClInclude Include="inc\visual\BackendVisualSyncEngine.h">
      <Filter>inc\Visual</Filter>
    </ClInclude>
    <ClInclude Include="inc\visual\KinematicsBatchScope.h">
      <Filter>inc\Visual</Filter>
    </ClInclude>
    <ClInclude Include="inc\visual\VisualAspect.h">
      <Filter>inc\Visual</Filter>
    </ClInclude>
    <ClInclude Include="inc\widget_global.h">
      <Filter>inc\Global</Filter>
    </ClInclude>
  </ItemGroup>
  <ItemGroup>
    <ClCompile Include="source\adapters\DataServiceAdapter.cpp">
      <Filter>src\adapters</Filter>
    </ClCompile>
    <ClCompile Include="source\adapters\OsgRenderViewAdapter.cpp">
      <Filter>src\adapters</Filter>
    </ClCompile>
    <ClCompile Include="source\adapters\RobotServiceAdapter.cpp">
      <Filter>src\adapters</Filter>
    </ClCompile>
    <ClCompile Include="source\CloudSimApplicationContext.cpp">
      <Filter>src\DocumentHost</Filter>
    </ClCompile>
    <ClCompile Include="source\CloudSimHostExport.cpp">
      <Filter>src\DocumentHost</Filter>
    </ClCompile>
    <ClCompile Include="source\DocumentHost.cpp">
      <Filter>src\DocumentHost</Filter>
    </ClCompile>
    <ClCompile Include="source\follow\BackendFollowSolve.cpp">
      <Filter>src\follow</Filter>
    </ClCompile>
    <ClCompile Include="source\follow\BackendHierarchyFollow.cpp">
      <Filter>src\follow</Filter>
    </ClCompile>
    <ClCompile Include="source\follow\BackendVisualSync.cpp">
      <Filter>src\follow</Filter>
    </ClCompile>
    <ClCompile Include="source\follow\DocumentHostEvents.cpp">
      <Filter>src\follow</Filter>
    </ClCompile>
    <ClCompile Include="source\follow\SelectionVisualService.cpp">
      <Filter>src\follow</Filter>
    </ClCompile>
    <ClCompile Include="source\headless\HeadlessAiBridge.cpp">
      <Filter>src\headless</Filter>
    </ClCompile>
    <ClCompile Include="source\headless\HeadlessDrawingBridge.cpp">
      <Filter>src\headless</Filter>
    </ClCompile>
    <ClCompile Include="source\headless\HeadlessGeometryBridge.cpp">
      <Filter>src\headless</Filter>
    </ClCompile>
    <ClCompile Include="source\headless\HeadlessGeomodelBridge.cpp">
      <Filter>src\headless</Filter>
    </ClCompile>
    <ClCompile Include="source\headless\HeadlessInstructionPropertyDelegate.cpp">
      <Filter>src\headless</Filter>
    </ClCompile>
    <ClCompile Include="source\headless\HeadlessLabelingBridge.cpp">
      <Filter>src\headless</Filter>
    </ClCompile>
    <ClCompile Include="source\headless\HeadlessPointCloudBridge.cpp">
      <Filter>src\headless</Filter>
    </ClCompile>
    <ClCompile Include="source\headless\HeadlessProcessFlowBridge.cpp">
      <Filter>src\headless</Filter>
    </ClCompile>
    <ClCompile Include="source\headless\HeadlessProgramEditBridge.cpp">
      <Filter>src\headless</Filter>
    </ClCompile>
    <ClCompile Include="source\headless\HeadlessRobotCollisionBridge.cpp">
      <Filter>src\headless</Filter>
    </ClCompile>
    <ClCompile Include="source\headless\HeadlessRobotContext.cpp">
      <Filter>src\headless</Filter>
    </ClCompile>
    <ClCompile Include="source\headless\HeadlessRobotExportBridge.cpp">
      <Filter>src\headless</Filter>
    </ClCompile>
    <ClCompile Include="source\headless\HeadlessRobotPlaybackBridge.cpp">
      <Filter>src\headless</Filter>
    </ClCompile>
    <ClCompile Include="source\headless\HeadlessTrajectorySession.cpp">
      <Filter>src\headless</Filter>
    </ClCompile>
    <ClCompile Include="source\HostRenderViewFactory.cpp">
      <Filter>src\Visual</Filter>
    </ClCompile>
    <ClCompile Include="source\import\ApplyGeometryImportParse.cpp">
      <Filter>src\import</Filter>
    </ClCompile>
    <ClCompile Include="source\import\AssemblyMateApply.cpp">
      <Filter>src\import</Filter>
    </ClCompile>
    <ClCompile Include="source\import\BackendFileImport.cpp">
      <Filter>src\import</Filter>
    </ClCompile>
    <ClCompile Include="source\import\DocumentImportFacade.cpp">
      <Filter>src\import</Filter>
    </ClCompile>
    <ClCompile Include="source\import\GeometryFileImporterRegistry.cpp">
      <Filter>src\import</Filter>
    </ClCompile>
    <ClCompile Include="source\import\GeometryImportersBuiltins.cpp">
      <Filter>src\import</Filter>
    </ClCompile>
    <ClCompile Include="source\import\GeometryImportUiFilters.cpp">
      <Filter>src\import</Filter>
    </ClCompile>
    <ClCompile Include="source\import\HierarchyMeshImport.cpp">
      <Filter>src\import</Filter>
    </ClCompile>
    <ClCompile Include="source\io\CustomDeviceHostOps.cpp">
      <Filter>src\io</Filter>
    </ClCompile>
    <ClCompile Include="source\io\CustomDevicePoseMotionHost.cpp">
      <Filter>src\io</Filter>
    </ClCompile>
    <ClCompile Include="source\io\CustomDeviceRobotMountOps.cpp">
      <Filter>src\io</Filter>
    </ClCompile>
    <ClCompile Include="source\io\IoSignalNetwork.cpp">
      <Filter>src\io</Filter>
    </ClCompile>
    <ClCompile Include="source\osg\BackendFollowReverseIndex.cpp">
      <Filter>src\osg</Filter>
    </ClCompile>
    <ClCompile Include="source\osg\BackendSceneDocumentFacade.cpp">
      <Filter>src\osg</Filter>
    </ClCompile>
    <ClCompile Include="source\osg\GraphicsWindowQt1.cpp">
      <Filter>src\osg</Filter>
    </ClCompile>
    <ClCompile Include="source\osg\LabelingPickOperation.cpp">
      <Filter>src\osg</Filter>
    </ClCompile>
    <ClCompile Include="source\osg\MeshEdgeFacePickOperation.cpp">
      <Filter>src\osg</Filter>
    </ClCompile>
    <ClCompile Include="source\osg\MeshSectionPlaneEditOperation.cpp">
      <Filter>src\osg</Filter>
    </ClCompile>
    <ClCompile Include="source\osg\ObjectTransformOperation.cpp">
      <Filter>src\osg</Filter>
    </ClCompile>
    <ClCompile Include="source\osg\OsgWidget.cpp">
      <Filter>src\osg</Filter>
    </ClCompile>
    <ClCompile Include="source\osg\OsgWidgetBackendLoadController.cpp">
      <Filter>src\osg</Filter>
    </ClCompile>
    <ClCompile Include="source\osg\OsgWidgetCameraFocusController.cpp">
      <Filter>src\osg</Filter>
    </ClCompile>
    <ClCompile Include="source\osg\OsgWidgetCaptureController.cpp">
      <Filter>src\osg</Filter>
    </ClCompile>
    <ClCompile Include="source\osg\OsgWidgetColorController.cpp">
      <Filter>src\osg</Filter>
    </ClCompile>
    <ClCompile Include="source\osg\OsgWidgetGizmoController.cpp">
      <Filter>src\osg</Filter>
    </ClCompile>
    <ClCompile Include="source\osg\OsgWidgetImportController.cpp">
      <Filter>src\osg</Filter>
    </ClCompile>
    <ClCompile Include="source\osg\OsgWidgetMeshSectionPlane.cpp">
      <Filter>src\osg</Filter>
    </ClCompile>
    <ClCompile Include="source\osg\OsgWidgetPickAnnotationController.cpp">
      <Filter>src\osg</Filter>
    </ClCompile>
    <ClCompile Include="source\osg\OsgWidgetSceneBridge.cpp">
      <Filter>src\osg</Filter>
    </ClCompile>
    <ClCompile Include="source\osg\OsgWidgetTcpTeach.cpp">
      <Filter>src\osg</Filter>
    </ClCompile>
    <ClCompile Include="source\osg\OsgWidgetTransformHierarchyController.cpp">
      <Filter>src\osg</Filter>
    </ClCompile>
    <ClCompile Include="source\osg\PointPickOperation.cpp">
      <Filter>src\osg</Filter>
    </ClCompile>
    <ClCompile Include="source\osg\PolylinePickOperation.cpp">
      <Filter>src\osg</Filter>
    </ClCompile>
    <ClCompile Include="source\osg\QWidgetViewer.cpp">
      <Filter>src\osg</Filter>
    </ClCompile>
    <ClCompile Include="source\osg\RobotTcpDragTeachOperation.cpp">
      <Filter>src\osg</Filter>
    </ClCompile>
    <ClCompile Include="source\osg\ViewportGestureRecognizer.cpp">
      <Filter>src\osg</Filter>
    </ClCompile>
    <ClCompile Include="source\osg\ViewportInteraction\OsgWidgetPickEngine.cpp">
      <Filter>src\Other</Filter>
    </ClCompile>
    <ClCompile Include="source\osg\ViewportInteraction\ViewportInteractionController.cpp">
      <Filter>src\Other</Filter>
    </ClCompile>
    <ClCompile Include="source\pch.cpp">
      <Filter>src\Global</Filter>
    </ClCompile>
    <ClCompile Include="source\pluginhost\Ai\AiActionPlanExecutor.cpp">
      <Filter>src\Other</Filter>
    </ClCompile>
    <ClCompile Include="source\pluginhost\Ai\AiAgentMemory.cpp">
      <Filter>src\Other</Filter>
    </ClCompile>
    <ClCompile Include="source\pluginhost\Ai\AiAgentPickDialog.cpp">
      <Filter>src\Other</Filter>
    </ClCompile>
    <ClCompile Include="source\pluginhost\Ai\AiAgentPlanBuilder.cpp">
      <Filter>src\Other</Filter>
    </ClCompile>
    <ClCompile Include="source\pluginhost\Ai\AiAgentRuntime.cpp">
      <Filter>src\Other</Filter>
    </ClCompile>
    <ClCompile Include="source\pluginhost\Ai\AiAgentTrace.cpp">
      <Filter>src\Other</Filter>
    </ClCompile>
    <ClCompile Include="source\pluginhost\Ai\AiApiCatalogEmbedded.cpp">
      <Filter>src\Other</Filter>
    </ClCompile>
    <ClCompile Include="source\pluginhost\Ai\AiArgsSchema.cpp">
      <Filter>src\Other</Filter>
    </ClCompile>
    <ClCompile Include="source\pluginhost\Ai\AiAssistantHostImpl.cpp">
      <Filter>src\Other</Filter>
    </ClCompile>
    <ClCompile Include="source\pluginhost\Ai\AiCatalogKeywordMatcher.cpp">
      <Filter>src\Other</Filter>
    </ClCompile>
    <ClCompile Include="source\pluginhost\Ai\AiCommandSchema.cpp">
      <Filter>src\Other</Filter>
    </ClCompile>
    <ClCompile Include="source\pluginhost\Ai\AiConfigLoader.cpp">
      <Filter>src\Other</Filter>
    </ClCompile>
    <ClCompile Include="source\pluginhost\Ai\AiDomainRegistryImpl.cpp">
      <Filter>src\Other</Filter>
    </ClCompile>
    <ClCompile Include="source\pluginhost\Ai\AiDomainRouter.cpp">
      <Filter>src\Other</Filter>
    </ClCompile>
    <ClCompile Include="source\pluginhost\Ai\AiFeatureComposeSteps.cpp">
      <Filter>src\Other</Filter>
    </ClCompile>
    <ClCompile Include="source\pluginhost\Ai\AiHostButtonApiDispatch.cpp">
      <Filter>src\Other</Filter>
    </ClCompile>
    <ClCompile Include="source\pluginhost\Ai\AiHttpsPost.cpp">
      <Filter>src\Other</Filter>
    </ClCompile>
    <ClCompile Include="source\pluginhost\Ai\AiIntentClassifier.cpp">
      <Filter>src\Other</Filter>
    </ClCompile>
    <ClCompile Include="source\pluginhost\Ai\AiIntentParser.cpp">
      <Filter>src\Other</Filter>
    </ClCompile>
    <ClCompile Include="source\pluginhost\Ai\AiLlmClient.cpp">
      <Filter>src\Other</Filter>
    </ClCompile>
    <ClCompile Include="source\pluginhost\Ai\AiLlmConfig.cpp">
      <Filter>src\Other</Filter>
    </ClCompile>
    <ClCompile Include="source\pluginhost\Ai\AiMeshDefaults.cpp">
      <Filter>src\Other</Filter>
    </ClCompile>
    <ClCompile Include="source\pluginhost\Ai\AiProcessFlowRules.cpp">
      <Filter>src\Other</Filter>
    </ClCompile>
    <ClCompile Include="source\pluginhost\Ai\AiSceneOpsRules.cpp">
      <Filter>src\Other</Filter>
    </ClCompile>
    <ClCompile Include="source\pluginhost\Ai\AiSceneSnapshotBuilder.cpp">
      <Filter>src\Other</Filter>
    </ClCompile>
    <ClCompile Include="source\pluginhost\Ai\AiTrajectoryFeatureCatalog.cpp">
      <Filter>src\Other</Filter>
    </ClCompile>
    <ClCompile Include="source\pluginhost\Ai\CatalogActionPlanDomainHandler.cpp">
      <Filter>src\Other</Filter>
    </ClCompile>
    <ClCompile Include="source\pluginhost\Ai\DesignPartsCatalog.cpp">
      <Filter>src\Other</Filter>
    </ClCompile>
    <ClCompile Include="source\pluginhost\Ai\DesignPartsDomainHandler.cpp">
      <Filter>src\Other</Filter>
    </ClCompile>
    <ClCompile Include="source\pluginhost\Ai\FeatureComposeDomainHandler.cpp">
      <Filter>src\Other</Filter>
    </ClCompile>
    <ClCompile Include="source\pluginhost\Ai\GeometryRecognizeDomainHandler.cpp">
      <Filter>src\Other</Filter>
    </ClCompile>
    <ClCompile Include="source\pluginhost\Ai\MeshComposeDomainHandler.cpp">
      <Filter>src\Other</Filter>
    </ClCompile>
    <ClCompile Include="source\pluginhost\Ai\MeshCreateDomainHandler.cpp">
      <Filter>src\Other</Filter>
    </ClCompile>
    <ClCompile Include="source\pluginhost\Ai\TrajectoryFeatureDomainHandler.cpp">
      <Filter>src\Other</Filter>
    </ClCompile>
    <ClCompile Include="source\pluginhost\DocumentGeometryOps.cpp">
      <Filter>src\pluginhost</Filter>
    </ClCompile>
    <ClCompile Include="source\pluginhost\DocumentPointCloudOps.cpp">
      <Filter>src\pluginhost</Filter>
    </ClCompile>
    <ClCompile Include="source\pluginhost\PluginDelegatedBackend.cpp">
      <Filter>src\pluginhost</Filter>
    </ClCompile>
    <ClCompile Include="source\pluginhost\PluginDocumentAdapter.cpp">
      <Filter>src\pluginhost</Filter>
    </ClCompile>
    <ClCompile Include="source\pluginhost\PluginGeometryHostImpl.cpp">
      <Filter>src\pluginhost</Filter>
    </ClCompile>
    <ClCompile Include="source\pluginhost\PluginHostContext.cpp">
      <Filter>src\pluginhost</Filter>
    </ClCompile>
    <ClCompile Include="source\pluginhost\PluginLabelingHostImpl.cpp">
      <Filter>src\pluginhost</Filter>
    </ClCompile>
    <ClCompile Include="source\pluginhost\PluginManager.cpp">
      <Filter>src\pluginhost</Filter>
    </ClCompile>
    <ClCompile Include="source\pluginhost\PluginPointCloudHostImpl.cpp">
      <Filter>src\pluginhost</Filter>
    </ClCompile>
    <ClCompile Include="source\pluginhost\PluginPropertyBindingRegistry.cpp">
      <Filter>src\pluginhost</Filter>
    </ClCompile>
    <ClCompile Include="source\pluginhost\PluginPropertyBindingSelfTest.cpp">
      <Filter>src\pluginhost</Filter>
    </ClCompile>
    <ClCompile Include="source\pluginhost\PluginRobotHostImpl.cpp">
      <Filter>src\pluginhost</Filter>
    </ClCompile>
    <ClCompile Include="source\pluginhost\PluginSceneBridgeAdapter.cpp">
      <Filter>src\pluginhost</Filter>
    </ClCompile>
    <ClCompile Include="source\project\AnnotationProjectIo.cpp">
      <Filter>src\project</Filter>
    </ClCompile>
    <ClCompile Include="source\project\BackendProjectObjectIo.cpp">
      <Filter>src\project</Filter>
    </ClCompile>
    <ClCompile Include="source\project\ProjectPackageIo.cpp">
      <Filter>src\project</Filter>
    </ClCompile>
    <ClCompile Include="source\project\RobotProjectKinematicsRestore.cpp">
      <Filter>src\project</Filter>
    </ClCompile>
    <ClCompile Include="source\robot\PerLinkKinematicsHostImpl.cpp">
      <Filter>src\robot</Filter>
    </ClCompile>
    <ClCompile Include="source\robot\RobotCoordinateFrameOps.cpp">
      <Filter>src\robot</Filter>
    </ClCompile>
    <ClCompile Include="source\robot\RobotInstructionPropertyDto.cpp">
      <Filter>src\robot</Filter>
    </ClCompile>
    <ClCompile Include="source\robot\RobotPlanInstruction.cpp">
      <Filter>src\robot</Filter>
    </ClCompile>
    <ClCompile Include="source\robot\RobotProgramJsonIo.cpp">
      <Filter>src\robot</Filter>
    </ClCompile>
    <ClCompile Include="source\robot\UrdfRobotImport.cpp">
      <Filter>src\robot</Filter>
    </ClCompile>
    <ClCompile Include="source\visual\BackendVisualEnsure.cpp">
      <Filter>src\Visual</Filter>
    </ClCompile>
    <ClCompile Include="source\visual\BackendVisualSyncEngine.cpp">
      <Filter>src\Visual</Filter>
    </ClCompile>
    <ClCompile Include="source\visual\KinematicsBatchScope.cpp">
      <Filter>src\Visual</Filter>
    </ClCompile>
  </ItemGroup>
  <ItemGroup>
    <QtMoc Include="inc\DocumentHost.h">
      <Filter>inc\DocumentHost</Filter>
    </QtMoc>
    <QtMoc Include="inc\headless\HeadlessRobotPlaybackBridge.h">
      <Filter>inc\headless</Filter>
    </QtMoc>
    <QtMoc Include="inc\io\CustomDevicePoseMotionHost.h">
      <Filter>inc\io</Filter>
    </QtMoc>
    <QtMoc Include="inc\io\IoSignalNetwork.h">
      <Filter>inc\io</Filter>
    </QtMoc>
    <QtMoc Include="inc\osg\OsgWidget.h">
      <Filter>inc\osg</Filter>
    </QtMoc>
    <QtMoc Include="inc\osg\QWidgetViewer.h">
      <Filter>inc\osg</Filter>
    </QtMoc>
    <QtMoc Include="inc\pluginhost\PluginHostContext.h">
      <Filter>inc\pluginhost</Filter>
    </QtMoc>
    <QtMoc Include="inc\pluginhost\PluginManager.h">
      <Filter>inc\pluginhost</Filter>
    </QtMoc>
  </ItemGroup>
</Project>
