Microsoft Visual Studio Solution File, Format Version 12.00
# Visual Studio Version 16
VisualStudioVersion = 16.0.35826.135
MinimumVisualStudioVersion = 10.0.40219.1
Project("{8BC9CEB8-8B4A-11D0-8D11-00A0C91BC942}") = "PointCloudProcess", "PointCloudProcess\PointCloudProcess.vcxproj", "{522C2787-2873-467C-B9D7-C6767D1CDCD6}"
	ProjectSection(ProjectDependencies) = postProject
		{A789E8D9-1CE5-4133-BBC5-26A2BC801B09} = {A789E8D9-1CE5-4133-BBC5-26A2BC801B09}
		{50119EDF-918F-4BC8-A201-7AC6F0FE82A1} = {50119EDF-918F-4BC8-A201-7AC6F0FE82A1}
		{35F6E3C1-7F9A-4D93-9FAF-74BAE4A0C2D1} = {35F6E3C1-7F9A-4D93-9FAF-74BAE4A0C2D1}
		{B2C3D4E5-F6A7-8901-BCDE-F12345678901} = {B2C3D4E5-F6A7-8901-BCDE-F12345678901}
	EndProjectSection
EndProject
Project("{8BC9CEB8-8B4A-11D0-8D11-00A0C91BC942}") = "OsgWidgetCore", "OsgWidgetCore\OsgWidgetCore.vcxproj", "{E4F5A6B7-C8D9-4E0F-1A2B-3C4D5E6F7080}"
EndProject
Project("{8BC9CEB8-8B4A-11D0-8D11-00A0C91BC942}") = "Widget", "Widget\Widget.vcxproj", "{A789E8D9-1CE5-4133-BBC5-26A2BC801B09}"
	ProjectSection(ProjectDependencies) = postProject
		{E4F5A6B7-C8D9-4E0F-1A2B-3C4D5E6F7080} = {E4F5A6B7-C8D9-4E0F-1A2B-3C4D5E6F7080}
		{50119EDF-918F-4BC8-A201-7AC6F0FE82A1} = {50119EDF-918F-4BC8-A201-7AC6F0FE82A1}
		{8F4E2C1A-9D3B-4E7F-8A1C-2B6D4E8F0A1C} = {8F4E2C1A-9D3B-4E7F-8A1C-2B6D4E8F0A1C}
		{7A3E9B2C-4D1F-4E8A-B5C6-1D2E3F4A5B6C} = {7A3E9B2C-4D1F-4E8A-B5C6-1D2E3F4A5B6C}
		{B2C4D6E8-0A1F-4E3C-9D5E-7F1A2B3C4D5E} = {B2C4D6E8-0A1F-4E3C-9D5E-7F1A2B3C4D5E}
		{35F6E3C1-7F9A-4D93-9FAF-74BAE4A0C2D1} = {35F6E3C1-7F9A-4D93-9FAF-74BAE4A0C2D1}
		{A1B2C3D4-E5F6-7890-ABCD-EF1234567890} = {A1B2C3D4-E5F6-7890-ABCD-EF1234567890}
		{B2C3D4E5-F6A7-8901-BCDE-F12345678901} = {B2C3D4E5-F6A7-8901-BCDE-F12345678901}
	EndProjectSection
EndProject
Project("{8BC9CEB8-8B4A-11D0-8D11-00A0C91BC942}") = "Data", "Data\Data.vcxproj", "{50119EDF-918F-4BC8-A201-7AC6F0FE82A1}"
EndProject
Project("{8BC9CEB8-8B4A-11D0-8D11-00A0C91BC942}") = "BackendVisual", "BackendVisual\BackendVisual.vcxproj", "{F1E2D3C4-B5A6-4789-0123-456789ABCDEF}"
	ProjectSection(ProjectDependencies) = postProject
		{50119EDF-918F-4BC8-A201-7AC6F0FE82A1} = {50119EDF-918F-4BC8-A201-7AC6F0FE82A1}
	EndProjectSection
EndProject
Project("{8BC9CEB8-8B4A-11D0-8D11-00A0C91BC942}") = "RobotKinematics", "RobotKinematics\RobotKinematics.vcxproj", "{8F4E2C1A-9D3B-4E7F-8A1C-2B6D4E8F0A1C}"
EndProject
Project("{8BC9CEB8-8B4A-11D0-8D11-00A0C91BC942}") = "RobotUrdf", "RobotUrdf\RobotUrdf.vcxproj", "{7A3E9B2C-4D1F-4E8A-B5C6-1D2E3F4A5B6C}"
	ProjectSection(ProjectDependencies) = postProject
		{50119EDF-918F-4BC8-A201-7AC6F0FE82A1} = {50119EDF-918F-4BC8-A201-7AC6F0FE82A1}
	EndProjectSection
EndProject
Project("{8BC9CEB8-8B4A-11D0-8D11-00A0C91BC942}") = "RobotScene", "RobotScene\RobotScene.vcxproj", "{B2C4D6E8-0A1F-4E3C-9D5E-7F1A2B3C4D5E}"
	ProjectSection(ProjectDependencies) = postProject
		{7A3E9B2C-4D1F-4E8A-B5C6-1D2E3F4A5B6C} = {7A3E9B2C-4D1F-4E8A-B5C6-1D2E3F4A5B6C}
	EndProjectSection
EndProject
Project("{8BC9CEB8-8B4A-11D0-8D11-00A0C91BC942}") = "RunLogger", "RunLogger\RunLogger.vcxproj", "{35F6E3C1-7F9A-4D93-9FAF-74BAE4A0C2D1}"
EndProject
Project("{8BC9CEB8-8B4A-11D0-8D11-00A0C91BC942}") = "AiBackend", "AiBackend\AiBackend.vcxproj", "{A1B2C3D4-E5F6-7890-ABCD-EF1234567890}"
	ProjectSection(ProjectDependencies) = postProject
		{50119EDF-918F-4BC8-A201-7AC6F0FE82A1} = {50119EDF-918F-4BC8-A201-7AC6F0FE82A1}
	EndProjectSection
EndProject
Project("{8BC9CEB8-8B4A-11D0-8D11-00A0C91BC942}") = "AiWidget", "AiWidget\AiWidget.vcxproj", "{B2C3D4E5-F6A7-8901-BCDE-F12345678901}"
	ProjectSection(ProjectDependencies) = postProject
		{A1B2C3D4-E5F6-7890-ABCD-EF1234567890} = {A1B2C3D4-E5F6-7890-ABCD-EF1234567890}
	EndProjectSection
EndProject
Global
	GlobalSection(SolutionConfigurationPlatforms) = preSolution
		Debug|x64 = Debug|x64
		Debug|x86 = Debug|x86
		Release|x64 = Release|x64
		Release|x86 = Release|x86
	EndGlobalSection
	GlobalSection(ProjectConfigurationPlatforms) = postSolution
		{522C2787-2873-467C-B9D7-C6767D1CDCD6}.Debug|x64.ActiveCfg = Debug|x64
		{522C2787-2873-467C-B9D7-C6767D1CDCD6}.Debug|x64.Build.0 = Debug|x64
		{522C2787-2873-467C-B9D7-C6767D1CDCD6}.Debug|x86.ActiveCfg = Debug|Win32
		{522C2787-2873-467C-B9D7-C6767D1CDCD6}.Debug|x86.Build.0 = Debug|Win32
		{522C2787-2873-467C-B9D7-C6767D1CDCD6}.Release|x64.ActiveCfg = Release|x64
		{522C2787-2873-467C-B9D7-C6767D1CDCD6}.Release|x64.Build.0 = Release|x64
		{522C2787-2873-467C-B9D7-C6767D1CDCD6}.Release|x86.ActiveCfg = Release|Win32
		{522C2787-2873-467C-B9D7-C6767D1CDCD6}.Release|x86.Build.0 = Release|Win32
		{E4F5A6B7-C8D9-4E0F-1A2B-3C4D5E6F7080}.Debug|x64.ActiveCfg = Debug|x64
		{E4F5A6B7-C8D9-4E0F-1A2B-3C4D5E6F7080}.Debug|x64.Build.0 = Debug|x64
		{E4F5A6B7-C8D9-4E0F-1A2B-3C4D5E6F7080}.Debug|x86.ActiveCfg = Debug|Win32
		{E4F5A6B7-C8D9-4E0F-1A2B-3C4D5E6F7080}.Debug|x86.Build.0 = Debug|Win32
		{E4F5A6B7-C8D9-4E0F-1A2B-3C4D5E6F7080}.Release|x64.ActiveCfg = Release|x64
		{E4F5A6B7-C8D9-4E0F-1A2B-3C4D5E6F7080}.Release|x64.Build.0 = Release|x64
		{E4F5A6B7-C8D9-4E0F-1A2B-3C4D5E6F7080}.Release|x86.ActiveCfg = Release|Win32
		{E4F5A6B7-C8D9-4E0F-1A2B-3C4D5E6F7080}.Release|x86.Build.0 = Release|Win32
		{A789E8D9-1CE5-4133-BBC5-26A2BC801B09}.Debug|x64.ActiveCfg = Debug|x64
		{A789E8D9-1CE5-4133-BBC5-26A2BC801B09}.Debug|x64.Build.0 = Debug|x64
		{A789E8D9-1CE5-4133-BBC5-26A2BC801B09}.Debug|x86.ActiveCfg = Debug|Win32
		{A789E8D9-1CE5-4133-BBC5-26A2BC801B09}.Debug|x86.Build.0 = Debug|Win32
		{A789E8D9-1CE5-4133-BBC5-26A2BC801B09}.Release|x64.ActiveCfg = Release|x64
		{A789E8D9-1CE5-4133-BBC5-26A2BC801B09}.Release|x64.Build.0 = Release|x64
		{A789E8D9-1CE5-4133-BBC5-26A2BC801B09}.Release|x86.ActiveCfg = Release|Win32
		{A789E8D9-1CE5-4133-BBC5-26A2BC801B09}.Release|x86.Build.0 = Release|Win32
		{50119EDF-918F-4BC8-A201-7AC6F0FE82A1}.Debug|x64.ActiveCfg = Debug|x64
		{50119EDF-918F-4BC8-A201-7AC6F0FE82A1}.Debug|x64.Build.0 = Debug|x64
		{50119EDF-918F-4BC8-A201-7AC6F0FE82A1}.Debug|x86.ActiveCfg = Debug|Win32
		{50119EDF-918F-4BC8-A201-7AC6F0FE82A1}.Debug|x86.Build.0 = Debug|Win32
		{50119EDF-918F-4BC8-A201-7AC6F0FE82A1}.Release|x64.ActiveCfg = Release|x64
		{50119EDF-918F-4BC8-A201-7AC6F0FE82A1}.Release|x64.Build.0 = Release|x64
		{50119EDF-918F-4BC8-A201-7AC6F0FE82A1}.Release|x86.ActiveCfg = Release|Win32
		{50119EDF-918F-4BC8-A201-7AC6F0FE82A1}.Release|x86.Build.0 = Release|Win32
		{F1E2D3C4-B5A6-4789-0123-456789ABCDEF}.Debug|x64.ActiveCfg = Debug|x64
		{F1E2D3C4-B5A6-4789-0123-456789ABCDEF}.Debug|x64.Build.0 = Debug|x64
		{F1E2D3C4-B5A6-4789-0123-456789ABCDEF}.Debug|x86.ActiveCfg = Debug|Win32
		{F1E2D3C4-B5A6-4789-0123-456789ABCDEF}.Debug|x86.Build.0 = Debug|Win32
		{F1E2D3C4-B5A6-4789-0123-456789ABCDEF}.Release|x64.ActiveCfg = Release|x64
		{F1E2D3C4-B5A6-4789-0123-456789ABCDEF}.Release|x64.Build.0 = Release|x64
		{F1E2D3C4-B5A6-4789-0123-456789ABCDEF}.Release|x86.ActiveCfg = Release|Win32
		{F1E2D3C4-B5A6-4789-0123-456789ABCDEF}.Release|x86.Build.0 = Release|Win32
		{8F4E2C1A-9D3B-4E7F-8A1C-2B6D4E8F0A1C}.Debug|x64.ActiveCfg = Debug|x64
		{8F4E2C1A-9D3B-4E7F-8A1C-2B6D4E8F0A1C}.Debug|x64.Build.0 = Debug|x64
		{8F4E2C1A-9D3B-4E7F-8A1C-2B6D4E8F0A1C}.Debug|x86.ActiveCfg = Debug|Win32
		{8F4E2C1A-9D3B-4E7F-8A1C-2B6D4E8F0A1C}.Debug|x86.Build.0 = Debug|Win32
		{8F4E2C1A-9D3B-4E7F-8A1C-2B6D4E8F0A1C}.Release|x64.ActiveCfg = Release|x64
		{8F4E2C1A-9D3B-4E7F-8A1C-2B6D4E8F0A1C}.Release|x64.Build.0 = Release|x64
		{8F4E2C1A-9D3B-4E7F-8A1C-2B6D4E8F0A1C}.Release|x86.ActiveCfg = Release|Win32
		{8F4E2C1A-9D3B-4E7F-8A1C-2B6D4E8F0A1C}.Release|x86.Build.0 = Release|Win32
		{7A3E9B2C-4D1F-4E8A-B5C6-1D2E3F4A5B6C}.Debug|x64.ActiveCfg = Debug|x64
		{7A3E9B2C-4D1F-4E8A-B5C6-1D2E3F4A5B6C}.Debug|x64.Build.0 = Debug|x64
		{7A3E9B2C-4D1F-4E8A-B5C6-1D2E3F4A5B6C}.Debug|x86.ActiveCfg = Debug|Win32
		{7A3E9B2C-4D1F-4E8A-B5C6-1D2E3F4A5B6C}.Debug|x86.Build.0 = Debug|Win32
		{7A3E9B2C-4D1F-4E8A-B5C6-1D2E3F4A5B6C}.Release|x64.ActiveCfg = Release|x64
		{7A3E9B2C-4D1F-4E8A-B5C6-1D2E3F4A5B6C}.Release|x64.Build.0 = Release|x64
		{7A3E9B2C-4D1F-4E8A-B5C6-1D2E3F4A5B6C}.Release|x86.ActiveCfg = Release|Win32
		{7A3E9B2C-4D1F-4E8A-B5C6-1D2E3F4A5B6C}.Release|x86.Build.0 = Release|Win32
		{B2C4D6E8-0A1F-4E3C-9D5E-7F1A2B3C4D5E}.Debug|x64.ActiveCfg = Debug|x64
		{B2C4D6E8-0A1F-4E3C-9D5E-7F1A2B3C4D5E}.Debug|x64.Build.0 = Debug|x64
		{B2C4D6E8-0A1F-4E3C-9D5E-7F1A2B3C4D5E}.Debug|x86.ActiveCfg = Debug|Win32
		{B2C4D6E8-0A1F-4E3C-9D5E-7F1A2B3C4D5E}.Debug|x86.Build.0 = Debug|Win32
		{B2C4D6E8-0A1F-4E3C-9D5E-7F1A2B3C4D5E}.Release|x64.ActiveCfg = Release|x64
		{B2C4D6E8-0A1F-4E3C-9D5E-7F1A2B3C4D5E}.Release|x64.Build.0 = Release|x64
		{B2C4D6E8-0A1F-4E3C-9D5E-7F1A2B3C4D5E}.Release|x86.ActiveCfg = Release|Win32
		{B2C4D6E8-0A1F-4E3C-9D5E-7F1A2B3C4D5E}.Release|x86.Build.0 = Release|Win32
		{35F6E3C1-7F9A-4D93-9FAF-74BAE4A0C2D1}.Debug|x64.ActiveCfg = Debug|x64
		{35F6E3C1-7F9A-4D93-9FAF-74BAE4A0C2D1}.Debug|x64.Build.0 = Debug|x64
		{35F6E3C1-7F9A-4D93-9FAF-74BAE4A0C2D1}.Debug|x86.ActiveCfg = Debug|Win32
		{35F6E3C1-7F9A-4D93-9FAF-74BAE4A0C2D1}.Debug|x86.Build.0 = Debug|Win32
		{35F6E3C1-7F9A-4D93-9FAF-74BAE4A0C2D1}.Release|x64.ActiveCfg = Release|x64
		{35F6E3C1-7F9A-4D93-9FAF-74BAE4A0C2D1}.Release|x64.Build.0 = Release|x64
		{35F6E3C1-7F9A-4D93-9FAF-74BAE4A0C2D1}.Release|x86.ActiveCfg = Release|Win32
		{35F6E3C1-7F9A-4D93-9FAF-74BAE4A0C2D1}.Release|x86.Build.0 = Release|Win32
		{A1B2C3D4-E5F6-7890-ABCD-EF1234567890}.Debug|x64.ActiveCfg = Debug|x64
		{A1B2C3D4-E5F6-7890-ABCD-EF1234567890}.Debug|x64.Build.0 = Debug|x64
		{A1B2C3D4-E5F6-7890-ABCD-EF1234567890}.Debug|x86.ActiveCfg = Debug|x64
		{A1B2C3D4-E5F6-7890-ABCD-EF1234567890}.Release|x64.ActiveCfg = Release|x64
		{A1B2C3D4-E5F6-7890-ABCD-EF1234567890}.Release|x64.Build.0 = Release|x64
		{A1B2C3D4-E5F6-7890-ABCD-EF1234567890}.Release|x86.ActiveCfg = Release|x64
		{B2C3D4E5-F6A7-8901-BCDE-F12345678901}.Debug|x64.ActiveCfg = Debug|x64
		{B2C3D4E5-F6A7-8901-BCDE-F12345678901}.Debug|x64.Build.0 = Debug|x64
		{B2C3D4E5-F6A7-8901-BCDE-F12345678901}.Debug|x86.ActiveCfg = Debug|x64
		{B2C3D4E5-F6A7-8901-BCDE-F12345678901}.Release|x64.ActiveCfg = Release|x64
		{B2C3D4E5-F6A7-8901-BCDE-F12345678901}.Release|x64.Build.0 = Release|x64
		{B2C3D4E5-F6A7-8901-BCDE-F12345678901}.Release|x86.ActiveCfg = Release|x64
	EndGlobalSection
	GlobalSection(SolutionProperties) = preSolution
		HideSolutionNode = FALSE
	EndGlobalSection
	GlobalSection(ExtensibilityGlobals) = postSolution
		SolutionGuid = {AE0420DF-76A9-453A-9E54-7712B83A6955}
	EndGlobalSection
EndGlobal
