<?xml version="1.0" encoding="utf-8"?>
<Project xmlns="http://schemas.microsoft.com/developer/msbuild/2003" ToolsVersion="4.0">
  <ItemGroup>
    <Filter Include="External">
      <UniqueIdentifier>{A872B72E-7F59-4860-862B-ACDD307938A0}</UniqueIdentifier>
    </Filter>
    <Filter Include="External\PointNetPlugin">
      <UniqueIdentifier>{FB1BD944-A649-48B8-BB9B-0EE5CE5CDA1F}</UniqueIdentifier>
    </Filter>
    <Filter Include="External\PointNetPlugin\inc">
      <UniqueIdentifier>{054B8A0E-5D67-41F6-9AAD-52BF29D28542}</UniqueIdentifier>
    </Filter>
    <Filter Include="External\PointNetPlugin\source">
      <UniqueIdentifier>{B66A4690-F2E7-46E1-91CE-D18439A11936}</UniqueIdentifier>
    </Filter>
    <Filter Include="inc">
      <UniqueIdentifier>{93995380-89BD-4b04-88EB-625FBE52EBFB}</UniqueIdentifier>
      <Extensions>h;hh;hpp;hxx;h++;hm;inl;inc;ipp;xsd</Extensions>
    </Filter>
    <Filter Include="inc\Plugin">
      <UniqueIdentifier>{6D14B60E-D36B-4CAE-A1B2-80F6591044B4}</UniqueIdentifier>
    </Filter>
    <Filter Include="inc\Training">
      <UniqueIdentifier>{F5B9CF2A-23C4-4761-A2A7-392D03069C4B}</UniqueIdentifier>
    </Filter>
    <Filter Include="inc\UI">
      <UniqueIdentifier>{E687B82E-C67E-4863-8172-76AEDBE85231}</UniqueIdentifier>
    </Filter>
    <Filter Include="src">
      <UniqueIdentifier>{4FC737F1-C7A5-4376-A066-2A32D752A2FF}</UniqueIdentifier>
      <Extensions>cpp;c;cc;cxx;c++;cppm;ixx;def;odl;idl;hpj;bat;asm;asmx</Extensions>
    </Filter>
    <Filter Include="src\Plugin">
      <UniqueIdentifier>{1992CFB1-7149-42D2-9C78-56298DC257DA}</UniqueIdentifier>
    </Filter>
    <Filter Include="src\Training">
      <UniqueIdentifier>{27A8D09B-99A9-4F6E-A55C-05119AE3157A}</UniqueIdentifier>
    </Filter>
    <Filter Include="src\UI">
      <UniqueIdentifier>{B3E1DE05-E307-4B56-B17A-BE5CF9D4F04D}</UniqueIdentifier>
    </Filter>
  </ItemGroup>
  <ItemGroup>
    <ClInclude Include="..\PointNetPlugin\inc\PointNetInference.h">
      <Filter>External\PointNetPlugin\inc</Filter>
    </ClInclude>
    <ClInclude Include="..\PointNetPlugin\inc\PointNetTypes.h">
      <Filter>External\PointNetPlugin\inc</Filter>
    </ClInclude>
    <ClInclude Include="inc\LabelingConfigIO.h">
      <Filter>inc\UI</Filter>
    </ClInclude>
  </ItemGroup>
  <ItemGroup>
    <ClCompile Include="..\PointNetPlugin\source\PointNetInference.cpp">
      <Filter>External\PointNetPlugin\source</Filter>
    </ClCompile>
    <ClCompile Include="source\LabelingAnnotWidget.cpp">
      <Filter>src\UI</Filter>
    </ClCompile>
    <ClCompile Include="source\LabelingConfigIO.cpp">
      <Filter>src\UI</Filter>
    </ClCompile>
    <ClCompile Include="source\LabelingPlugin.cpp">
      <Filter>src\Plugin</Filter>
    </ClCompile>
    <ClCompile Include="source\LabelingTrainWidget.cpp">
      <Filter>src\UI</Filter>
    </ClCompile>
    <ClCompile Include="source\PointNetTrainingRunner.cpp">
      <Filter>src\Training</Filter>
    </ClCompile>
  </ItemGroup>
  <ItemGroup>
    <QtMoc Include="inc\LabelingAnnotWidget.h">
      <Filter>inc\UI</Filter>
    </QtMoc>
    <QtMoc Include="inc\LabelingPlugin.h">
      <Filter>inc\Plugin</Filter>
    </QtMoc>
    <QtMoc Include="inc\LabelingTrainWidget.h">
      <Filter>inc\UI</Filter>
    </QtMoc>
    <QtMoc Include="inc\PointNetTrainingRunner.h">
      <Filter>inc\Training</Filter>
    </QtMoc>
  </ItemGroup>
  <ItemGroup>
    <None Include="labeling_config.json">
      <Filter>src\UI</Filter>
    </None>
    <None Include="plugin.json">
      <Filter>src\Plugin</Filter>
    </None>
  </ItemGroup>
</Project>
