<?xml version="1.0" encoding="utf-8"?>
<Project xmlns="http://schemas.microsoft.com/developer/msbuild/2003" ToolsVersion="4.0">
  <ItemGroup>
    <Filter Include="inc">
      <UniqueIdentifier>{AE9213F7-50FF-4D22-989F-47024F24D551}</UniqueIdentifier>
    </Filter>
    <Filter Include="src">
      <UniqueIdentifier>{1B9BD8C6-B4A9-4353-9178-2F30625342DD}</UniqueIdentifier>
    </Filter>
  </ItemGroup>
  <ItemGroup>
    <ClInclude Include="inc\cloudsim_ai_sdk_global.h">
      <Filter>inc</Filter>
    </ClInclude>
    <ClInclude Include="inc\CloudSimAiVersion.h">
      <Filter>inc</Filter>
    </ClInclude>
    <ClInclude Include="inc\AiConfigDefaults.h">
      <Filter>inc</Filter>
    </ClInclude>
    <ClInclude Include="inc\AiConfigDto.h">
      <Filter>inc</Filter>
    </ClInclude>
    <ClInclude Include="inc\AiDomainTypes.h">
      <Filter>inc</Filter>
    </ClInclude>
    <ClInclude Include="inc\AiInferenceTypes.h">
      <Filter>inc</Filter>
    </ClInclude>
    <ClInclude Include="inc\AiParseTypes.h">
      <Filter>inc</Filter>
    </ClInclude>
    <ClInclude Include="inc\IAiAssistantHost.h">
      <Filter>inc</Filter>
    </ClInclude>
    <ClInclude Include="inc\IAiDomainHandler.h">
      <Filter>inc</Filter>
    </ClInclude>
    <ClInclude Include="inc\IAiInferenceProvider.h">
      <Filter>inc</Filter>
    </ClInclude>
    <ClInclude Include="inc\ICloudSimAiPlugin.h">
      <Filter>inc</Filter>
    </ClInclude>
  </ItemGroup>
  <ItemGroup>
    <ClCompile Include="source\AiConfigDefaults.cpp">
      <Filter>src</Filter>
    </ClCompile>
    <ClCompile Include="source\CloudSimAiVersion.cpp">
      <Filter>src</Filter>
    </ClCompile>
  </ItemGroup>
</Project>