<?xml version="1.0" encoding="utf-8"?>
<Project xmlns="http://schemas.microsoft.com/developer/msbuild/2003" ToolsVersion="4.0">
  <ItemGroup>
    <Filter Include="inc">
      <UniqueIdentifier>{FB407036-502A-4EE6-9250-11DB3E7E4A3D}</UniqueIdentifier>
    </Filter>
    <Filter Include="src">
      <UniqueIdentifier>{E8224A70-039F-4F2C-8FB4-1C424E684A97}</UniqueIdentifier>
    </Filter>
  </ItemGroup>
  <ItemGroup>
    <ClInclude Include="inc\cloudsim_core_global.h">
      <Filter>inc</Filter>
    </ClInclude>
    <ClInclude Include="inc\CloudSimCoreFactories.h">
      <Filter>inc</Filter>
    </ClInclude>
    <ClInclude Include="inc\CloudSimCoreVersion.h">
      <Filter>inc</Filter>
    </ClInclude>
    <ClInclude Include="inc\CoreEvents.h">
      <Filter>inc</Filter>
    </ClInclude>
    <ClInclude Include="inc\CoreTypes.h">
      <Filter>inc</Filter>
    </ClInclude>
    <ClInclude Include="inc\EventHub.h">
      <Filter>inc</Filter>
    </ClInclude>
    <ClInclude Include="inc\ICloudSimContext.h">
      <Filter>inc</Filter>
    </ClInclude>
    <ClInclude Include="inc\IDataService.h">
      <Filter>inc</Filter>
    </ClInclude>
    <ClInclude Include="inc\IDocumentScope.h">
      <Filter>inc</Filter>
    </ClInclude>
    <ClInclude Include="inc\IRenderView.h">
      <Filter>inc</Filter>
    </ClInclude>
    <ClInclude Include="inc\IRobotService.h">
      <Filter>inc</Filter>
    </ClInclude>
    <ClInclude Include="inc\NullCoreServices.h">
      <Filter>inc</Filter>
    </ClInclude>
  </ItemGroup>
  <ItemGroup>
    <ClCompile Include="source\CloudSimCoreVersion.cpp">
      <Filter>src</Filter>
    </ClCompile>
    <ClCompile Include="source\EventHub.cpp">
      <Filter>src</Filter>
    </ClCompile>
    <ClCompile Include="source\ICloudSimContext.cpp">
      <Filter>src</Filter>
    </ClCompile>
    <ClCompile Include="source\IDocumentScope.cpp">
      <Filter>src</Filter>
    </ClCompile>
    <ClCompile Include="source\NullCoreServices.cpp">
      <Filter>src</Filter>
    </ClCompile>
  </ItemGroup>
</Project>