<?xml version="1.0" encoding="utf-8"?>
<Project xmlns="http://schemas.microsoft.com/developer/msbuild/2003" ToolsVersion="4.0">
  <ItemGroup>
    <Filter Include="inc">
      <UniqueIdentifier>{93995380-89BD-4b04-88EB-625FBE52EBFB}</UniqueIdentifier>
      <Extensions>h;hh;hpp;hxx;h++;hm;inl;inc;ipp;xsd</Extensions>
    </Filter>
    <Filter Include="inc\Core">
      <UniqueIdentifier>{46B85104-16F4-4DFD-A7B1-34585AC34165}</UniqueIdentifier>
    </Filter>
    <Filter Include="inc\Global">
      <UniqueIdentifier>{06BA6888-0F8F-4FD1-9E0D-F33224858D4D}</UniqueIdentifier>
    </Filter>
    <Filter Include="src">
      <UniqueIdentifier>{4FC737F1-C7A5-4376-A066-2A32D752A2FF}</UniqueIdentifier>
      <Extensions>cpp;c;cc;cxx;c++;cppm;ixx;def;odl;idl;hpj;bat;asm;asmx</Extensions>
    </Filter>
    <Filter Include="src\Core">
      <UniqueIdentifier>{E0A3674F-7376-4196-BD49-1E4527A973CD}</UniqueIdentifier>
    </Filter>
  </ItemGroup>
  <ItemGroup>
    <ClInclude Include="inc\cloudsim_controller_sdk_global.h">
      <Filter>inc\Global</Filter>
    </ClInclude>
    <ClInclude Include="inc\ControllerTypes.h">
      <Filter>inc\Core</Filter>
    </ClInclude>
    <ClInclude Include="inc\IControllerClient.h">
      <Filter>inc\Core</Filter>
    </ClInclude>
    <ClInclude Include="source\ControllerClientImpl.h">
      <Filter>inc\Core</Filter>
    </ClInclude>
  </ItemGroup>
  <ItemGroup>
    <ClCompile Include="source\CloudSimControllerSdkExports.cpp">
      <Filter>src\Core</Filter>
    </ClCompile>
    <ClCompile Include="source\ControllerClientImpl.cpp">
      <Filter>src\Core</Filter>
    </ClCompile>
  </ItemGroup>
</Project>
