<?xml version="1.0" encoding="utf-8"?>
<Project ToolsVersion="4.0" xmlns="http://schemas.microsoft.com/developer/msbuild/2003">
  <ItemGroup>
    <Filter Include="inc">
      <UniqueIdentifier>{93995380-89BD-4b04-88EB-625FBE52EBFB}</UniqueIdentifier>
      <Extensions>h;hh;hpp;hxx;h++;hm;inl;inc;ipp;xsd</Extensions>
    </Filter>
    <Filter Include="inc\Plugin">
      <UniqueIdentifier>{3BDD6AD3-59C2-48C0-B981-15C2A4CEA1D5}</UniqueIdentifier>
    </Filter>
    <Filter Include="src">
      <UniqueIdentifier>{4FC737F1-C7A5-4376-A066-2A32D752A2FF}</UniqueIdentifier>
      <Extensions>cpp;c;cc;cxx;c++;cppm;ixx;def;odl;idl;hpj;bat;asm;asmx</Extensions>
    </Filter>
    <Filter Include="src\Plugin">
      <UniqueIdentifier>{EEA8AA0F-B503-4E66-BA2A-8095AB387FC8}</UniqueIdentifier>
    </Filter>
  </ItemGroup>
  <ItemGroup>
    <ClInclude Include="inc\FeatureDocument.h">
      <Filter>inc</Filter>
    </ClInclude>
    <ClInclude Include="inc\SketchConstraintSolver.h">
      <Filter>inc</Filter>
    </ClInclude>
    <ClInclude Include="inc\SketchEditSession.h">
      <Filter>inc</Filter>
    </ClInclude>
    <ClInclude Include="inc\SketchGeom.h">
      <Filter>inc</Filter>
    </ClInclude>
    <ClInclude Include="inc\SketchTools.h">
      <Filter>inc</Filter>
    </ClInclude>
  </ItemGroup>
  <ItemGroup>
    <ClCompile Include="source\CommandStack.cpp">
      <Filter>src</Filter>
    </ClCompile>
    <ClCompile Include="source\FeatureDocument.cpp">
      <Filter>src</Filter>
    </ClCompile>
    <ClCompile Include="source\GeometricModelingPage.cpp">
      <Filter>src</Filter>
    </ClCompile>
    <ClCompile Include="source\GeometricModelingPlugin.cpp">
      <Filter>src\Plugin</Filter>
    </ClCompile>
    <ClCompile Include="source\GeometricModelingRibbonBar.cpp">
      <Filter>src</Filter>
    </ClCompile>
    <ClCompile Include="source\SketchConstraintSolver.cpp">
      <Filter>src</Filter>
    </ClCompile>
    <ClCompile Include="source\SketchEditSession.cpp">
      <Filter>src</Filter>
    </ClCompile>
    <ClCompile Include="source\SketchGeom.cpp">
      <Filter>src</Filter>
    </ClCompile>
    <ClCompile Include="source\SketchTools.cpp">
      <Filter>src</Filter>
    </ClCompile>
    <ClCompile Include="third_party\planegcs\Constraints.cpp">
      <Filter>src</Filter>
    </ClCompile>
    <ClCompile Include="third_party\planegcs\GCS.cpp">
      <Filter>src</Filter>
    </ClCompile>
    <ClCompile Include="third_party\planegcs\Geo.cpp">
      <Filter>src</Filter>
    </ClCompile>
    <ClCompile Include="third_party\planegcs\qp_eq.cpp">
      <Filter>src</Filter>
    </ClCompile>
    <ClCompile Include="third_party\planegcs\SubSystem.cpp">
      <Filter>src</Filter>
    </ClCompile>
  </ItemGroup>
  <ItemGroup>
    <QtMoc Include="inc\CommandStack.h">
      <Filter>inc</Filter>
    </QtMoc>
    <QtMoc Include="inc\GeometricModelingPage.h">
      <Filter>inc</Filter>
    </QtMoc>
    <QtMoc Include="inc\GeometricModelingPlugin.h">
      <Filter>inc\Plugin</Filter>
    </QtMoc>
    <QtMoc Include="inc\GeometricModelingRibbonBar.h">
      <Filter>inc</Filter>
    </QtMoc>
  </ItemGroup>
  <ItemGroup>
    <None Include="plugin.json">
      <Filter>inc\Plugin</Filter>
    </None>
  </ItemGroup>
</Project>
