<?xml version="1.0" encoding="utf-8"?>
<Project xmlns="http://schemas.microsoft.com/developer/msbuild/2003" ToolsVersion="4.0">
  <ItemGroup>
    <Filter Include="src">
      <UniqueIdentifier>{88D7A307-DCA9-4576-8467-F0A74D332892}</UniqueIdentifier>
      <Extensions>cpp;c;cc;cxx;c++;cppm;ixx;def;odl;idl;hpj;bat;asm;asmx</Extensions>
    </Filter>
    <Filter Include="src\App">
      <UniqueIdentifier>{15682922-11C0-4377-9739-C2BA107133E9}</UniqueIdentifier>
    </Filter>
  </ItemGroup>
  <ItemGroup>
    <ClCompile Include="main.cpp">
      <Filter>src\App</Filter>
    </ClCompile>
  </ItemGroup>
</Project>
