<?xml version="1.0" encoding="utf-8"?>
<Project xmlns="http://schemas.microsoft.com/developer/msbuild/2003" ToolsVersion="4.0">
  <ItemGroup>
    <Filter Include="inc">
      <UniqueIdentifier>{93995380-89BD-4b04-88EB-625FBE52EBFB}</UniqueIdentifier>
      <Extensions>h;hh;hpp;hxx;h++;hm;inl;inc;ipp;xsd</Extensions>
    </Filter>
    <Filter Include="inc\Plugin">
      <UniqueIdentifier>{BE794399-0850-4819-A53C-FADE3EA81E65}</UniqueIdentifier>
    </Filter>
    <Filter Include="inc\UI">
      <UniqueIdentifier>{B930B9DA-B3D2-44B4-8CA7-16545D841357}</UniqueIdentifier>
    </Filter>
    <Filter Include="src">
      <UniqueIdentifier>{4FC737F1-C7A5-4376-A066-2A32D752A2FF}</UniqueIdentifier>
      <Extensions>cpp;c;cc;cxx;c++;cppm;ixx;def;odl;idl;hpj;bat;asm;asmx</Extensions>
    </Filter>
    <Filter Include="src\Plugin">
      <UniqueIdentifier>{CF338FDE-CB88-49A2-B46B-98ADED7CDF11}</UniqueIdentifier>
    </Filter>
    <Filter Include="src\UI">
      <UniqueIdentifier>{657CE14D-8740-42E1-AEBD-4FB0B6444E5C}</UniqueIdentifier>
    </Filter>
  </ItemGroup>
  <ItemGroup>
    <ClCompile Include="source\PointCloudDockWidget.cpp">
      <Filter>src\UI</Filter>
    </ClCompile>
    <ClCompile Include="source\PointCloudPlugin.cpp">
      <Filter>src\Plugin</Filter>
    </ClCompile>
    <ClCompile Include="source\TubularGrindingDockWidget.cpp">
      <Filter>src\UI</Filter>
    </ClCompile>
  </ItemGroup>
  <ItemGroup>
    <QtMoc Include="inc\PointCloudDockWidget.h">
      <Filter>inc\UI</Filter>
    </QtMoc>
    <QtMoc Include="inc\PointCloudPlugin.h">
      <Filter>inc\Plugin</Filter>
    </QtMoc>
    <QtMoc Include="inc\TubularGrindingDockWidget.h">
      <Filter>inc\UI</Filter>
    </QtMoc>
  </ItemGroup>
  <ItemGroup>
    <None Include="plugin.json">
      <Filter>src\Plugin</Filter>
    </None>
  </ItemGroup>
</Project>
