<?xml version="1.0" encoding="utf-8"?>
<Project xmlns="http://schemas.microsoft.com/developer/msbuild/2003" ToolsVersion="4.0">
  <ItemGroup>
    <Filter Include="inc">
      <UniqueIdentifier>{CFFEB4C6-0D7E-4F77-A36F-DCEE322AE83B}</UniqueIdentifier>
    </Filter>
    <Filter Include="src">
      <UniqueIdentifier>{CF885F7D-0668-4EAB-99E3-54CC79FD21F7}</UniqueIdentifier>
    </Filter>
    <Filter Include="discretizers">
      <UniqueIdentifier>{A1E2F3B4-C5D6-7890-ABCD-EF1234567890}</UniqueIdentifier>
    </Filter>
  </ItemGroup>
  <ItemGroup>
    <ClInclude Include="inc\geometry_algorithm_global.h">
      <Filter>inc</Filter>
    </ClInclude>
    <ClInclude Include="inc\Types.h">
      <Filter>inc</Filter>
    </ClInclude>
    <ClInclude Include="inc\ShapeQuery.h">
      <Filter>inc</Filter>
    </ClInclude>
    <ClInclude Include="inc\Discretize.h">
      <Filter>inc</Filter>
    </ClInclude>
    <ClInclude Include="inc\MeshDiscretize.h">
      <Filter>inc</Filter>
    </ClInclude>
    <ClInclude Include="inc\Intersection.h">
      <Filter>inc</Filter>
    </ClInclude>
    <ClInclude Include="inc\BrepBoolean.h">
      <Filter>inc</Filter>
    </ClInclude>
    <ClInclude Include="inc\WireOps.h">
      <Filter>inc</Filter>
    </ClInclude>
    <ClInclude Include="inc\ShellOps.h">
      <Filter>inc</Filter>
    </ClInclude>
    <ClInclude Include="inc\GeoMeshBoolean.h">
      <Filter>inc</Filter>
    </ClInclude>
    <ClInclude Include="inc\SelfTest.h">
      <Filter>inc</Filter>
    </ClInclude>
    <ClInclude Include="inc\FeatureSpec.h">
      <Filter>inc</Filter>
    </ClInclude>
    <ClInclude Include="inc\FeatureListDocument.h">
      <Filter>inc</Filter>
    </ClInclude>
    <ClInclude Include="inc\IFeatureDiscretizer.h">
      <Filter>inc</Filter>
    </ClInclude>
    <ClInclude Include="inc\FeatureDiscretizerRegistry.h">
      <Filter>inc</Filter>
    </ClInclude>
    <ClInclude Include="inc\IFeatureDiscretizerConfig.h">
      <Filter>inc</Filter>
    </ClInclude>
    <ClInclude Include="inc\FeatureDiscretizerConfigRegistry.h">
      <Filter>inc</Filter>
    </ClInclude>
    <ClInclude Include="inc\FeatureDiscretizerParamJsonIo.h">
      <Filter>inc</Filter>
    </ClInclude>
    <ClInclude Include="inc\FeatureDiscretizerConfigImpl.h">
      <Filter>inc</Filter>
    </ClInclude>
    <ClInclude Include="inc\FeatureDiscretizerBridge.h">
      <Filter>inc</Filter>
    </ClInclude>
    <ClInclude Include="inc\FeatureDiscretizeParamUtils.h">
      <Filter>inc</Filter>
    </ClInclude>
    <ClInclude Include="inc\BrepImportArtifacts.h">
      <Filter>inc</Filter>
    </ClInclude>
    <ClInclude Include="inc\MeshSurfaceReconstruction.h">
      <Filter>inc</Filter>
    </ClInclude>
    <ClInclude Include="inc\ShapeHandle.h">
      <Filter>inc</Filter>
    </ClInclude>
    <ClInclude Include="inc\ShapeIo.h">
      <Filter>inc</Filter>
    </ClInclude>
    <ClInclude Include="inc\TemplateBrepRegistration.h">
      <Filter>inc</Filter>
    </ClInclude>
    <ClInclude Include="inc\TemplateBrepUpdate.h">
      <Filter>inc</Filter>
    </ClInclude>
    <ClInclude Include="inc\TrajectoryProjection.h">
      <Filter>inc</Filter>
    </ClInclude>
    <ClInclude Include="inc\ViewTessellate.h">
      <Filter>inc</Filter>
    </ClInclude>
    <ClInclude Include="discretizers\EdgeChainDiscretizer.h">
      <Filter>discretizers</Filter>
    </ClInclude>
    <ClInclude Include="discretizers\FaceBoundaryDiscretizer.h">
      <Filter>discretizers</Filter>
    </ClInclude>
    <ClInclude Include="discretizers\FaceSectionDiscretizer.h">
      <Filter>discretizers</Filter>
    </ClInclude>
    <ClInclude Include="discretizers\FaceParamSurfaceDiscretizer.h">
      <Filter>discretizers</Filter>
    </ClInclude>
    <ClInclude Include="discretizers\FaceIntersectionDiscretizer.h">
      <Filter>discretizers</Filter>
    </ClInclude>
    <ClInclude Include="discretizers\FaceOffsetCurveDiscretizer.h">
      <Filter>discretizers</Filter>
    </ClInclude>
    <ClInclude Include="discretizers\SyntheticPolylineDiscretizer.h">
      <Filter>discretizers</Filter>
    </ClInclude>
  </ItemGroup>
  <ItemGroup>
    <ClCompile Include="source\ShapeQuery.cpp">
      <Filter>src</Filter>
    </ClCompile>
    <ClCompile Include="source\ShapeIo.cpp">
      <Filter>src</Filter>
    </ClCompile>
    <ClCompile Include="source\Discretize.cpp">
      <Filter>src</Filter>
    </ClCompile>
    <ClCompile Include="source\DiscretizeEdge.cpp">
      <Filter>src</Filter>
    </ClCompile>
    <ClCompile Include="source\MeshDiscretize.cpp">
      <Filter>src</Filter>
    </ClCompile>
    <ClCompile Include="source\Intersection.cpp">
      <Filter>src</Filter>
    </ClCompile>
    <ClCompile Include="source\BrepBoolean.cpp">
      <Filter>src</Filter>
    </ClCompile>
    <ClCompile Include="source\WireOps.cpp">
      <Filter>src</Filter>
    </ClCompile>
    <ClCompile Include="source\ShellOps.cpp">
      <Filter>src</Filter>
    </ClCompile>
    <ClCompile Include="source\MeshBoolean.cpp">
      <Filter>src</Filter>
    </ClCompile>
    <ClCompile Include="source\SelfTest.cpp">
      <Filter>src</Filter>
    </ClCompile>
    <ClCompile Include="source\FeatureDiscretize.cpp">
      <Filter>src</Filter>
    </ClCompile>
    <ClCompile Include="source\FeatureDiscretizerRegistry.cpp">
      <Filter>src</Filter>
    </ClCompile>
    <ClCompile Include="source\IFeatureDiscretizer.cpp">
      <Filter>src</Filter>
    </ClCompile>
    <ClCompile Include="source\FeatureDiscretizerConfigRegistry.cpp">
      <Filter>src</Filter>
    </ClCompile>
    <ClCompile Include="source\FeatureDiscretizerParamJsonIo.cpp">
      <Filter>src</Filter>
    </ClCompile>
    <ClCompile Include="source\FeatureDiscretizerConfigImpl.cpp">
      <Filter>src</Filter>
    </ClCompile>
    <ClCompile Include="source\FeatureDiscretizerBridge.cpp">
      <Filter>src</Filter>
    </ClCompile>
    <ClCompile Include="source\FeatureDiscretizeCoordinator.cpp">
      <Filter>src</Filter>
    </ClCompile>
    <ClCompile Include="source\FeatureDiscretizerBuiltinsRegister.cpp">
      <Filter>src</Filter>
    </ClCompile>
    <ClCompile Include="source\FeatureDiscretizeParamUtils.cpp">
      <Filter>src</Filter>
    </ClCompile>
    <ClCompile Include="source\detail\FeatureDiscretizeCommon.cpp">
      <Filter>src</Filter>
    </ClCompile>
    <ClCompile Include="discretizers\EdgeChainDiscretizer.cpp">
      <Filter>discretizers</Filter>
    </ClCompile>
    <ClCompile Include="discretizers\FaceBoundaryDiscretizer.cpp">
      <Filter>discretizers</Filter>
    </ClCompile>
    <ClCompile Include="discretizers\FaceSectionDiscretizer.cpp">
      <Filter>discretizers</Filter>
    </ClCompile>
    <ClCompile Include="discretizers\FaceParamSurfaceDiscretizer.cpp">
      <Filter>discretizers</Filter>
    </ClCompile>
    <ClCompile Include="discretizers\FaceIntersectionDiscretizer.cpp">
      <Filter>discretizers</Filter>
    </ClCompile>
    <ClCompile Include="discretizers\FaceOffsetCurveDiscretizer.cpp">
      <Filter>discretizers</Filter>
    </ClCompile>
    <ClCompile Include="discretizers\SyntheticPolylineDiscretizer.cpp">
      <Filter>discretizers</Filter>
    </ClCompile>
    <ClCompile Include="source\FaceSectionDiscretize.cpp">
      <Filter>src</Filter>
    </ClCompile>
    <ClCompile Include="source\ParamSurfaceDiscretize.cpp">
      <Filter>src</Filter>
    </ClCompile>
    <ClCompile Include="source\MeshSurfaceReconstruction\BoundaryBlend.cpp">
      <Filter>src</Filter>
    </ClCompile>
    <ClCompile Include="source\BrepImportArtifacts.cpp">
      <Filter>src</Filter>
    </ClCompile>
    <ClCompile Include="source\MeshSurfaceReconstruction\BsplineSurfaceFairing.cpp">
      <Filter>src</Filter>
    </ClCompile>
    <ClCompile Include="source\MeshSurfaceReconstruction\InitialBsplinePatch.cpp">
      <Filter>src</Filter>
    </ClCompile>
    <ClCompile Include="source\MeshSurfaceReconstruction\JunctionBlend.cpp">
      <Filter>src</Filter>
    </ClCompile>
    <ClCompile Include="source\MeshSurfaceReconstruction.cpp">
      <Filter>src</Filter>
    </ClCompile>
    <ClCompile Include="source\MeshSurfaceReconstruction\MeshSurfaceReconstructionAssemble.cpp">
      <Filter>src</Filter>
    </ClCompile>
    <ClCompile Include="source\MeshSurfaceReconstruction\MeshSurfaceReconstructionOcct.cpp">
      <Filter>src</Filter>
    </ClCompile>
    <ClCompile Include="source\MeshSurfaceReconstruction\MeshSurfaceReconstructionPartitionCommon.cpp">
      <Filter>src</Filter>
    </ClCompile>
    <ClCompile Include="source\MeshSurfaceReconstruction\MeshSurfaceReconstructionPartitionHybrid.cpp">
      <Filter>src</Filter>
    </ClCompile>
    <ClCompile Include="source\MeshSurfaceReconstruction\MeshSurfaceReconstructionPatchDualGraph.cpp">
      <Filter>src</Filter>
    </ClCompile>
    <ClCompile Include="source\MeshSurfaceReconstruction\MeshSurfaceReconstructionUtils.cpp">
      <Filter>src</Filter>
    </ClCompile>
    <ClCompile Include="source\MeshSurfaceReconstruction\MeshSurfaceReconstructionValidate.cpp">
      <Filter>src</Filter>
    </ClCompile>
    <ClCompile Include="source\MeshSurfaceReconstruction\NurbsSurfaceFitting.cpp">
      <Filter>src</Filter>
    </ClCompile>
    <ClCompile Include="source\MeshSurfaceReconstruction\PatchParameterize.cpp">
      <Filter>src</Filter>
    </ClCompile>
    <ClCompile Include="source\ShapeHandle.cpp">
      <Filter>src</Filter>
    </ClCompile>
    <ClCompile Include="source\TemplateBrepRegistration.cpp">
      <Filter>src</Filter>
    </ClCompile>
    <ClCompile Include="source\TemplateBrepUpdate.cpp">
      <Filter>src</Filter>
    </ClCompile>
    <ClCompile Include="source\TrajectoryProjection.cpp">
      <Filter>src</Filter>
    </ClCompile>
    <ClCompile Include="source\ViewTessellate.cpp">
      <Filter>src</Filter>
    </ClCompile>
  </ItemGroup>
</Project>