<?xml version="1.0" encoding="utf-8"?>
<Project xmlns="http://schemas.microsoft.com/developer/msbuild/2003" ToolsVersion="4.0">
  <ItemGroup>
    <Filter Include="inc">
      <UniqueIdentifier>{CFFEB4C6-0D7E-4F77-A36F-DCEE322AE83B}</UniqueIdentifier>
    </Filter>
    <Filter Include="src">
      <UniqueIdentifier>{CF885F7D-0668-4EAB-99E3-54CC79FD21F7}</UniqueIdentifier>
    </Filter>
  </ItemGroup>
  <ItemGroup>
    <ClInclude Include="inc\geometry_algorithm_global.h">
      <Filter>inc</Filter>
    </ClInclude>
    <ClInclude Include="inc\Types.h">
      <Filter>inc</Filter>
    </ClInclude>
    <ClInclude Include="inc\ShapeQuery.h">
      <Filter>inc</Filter>
    </ClInclude>
    <ClInclude Include="inc\Discretize.h">
      <Filter>inc</Filter>
    </ClInclude>
    <ClInclude Include="inc\MeshDiscretize.h">
      <Filter>inc</Filter>
    </ClInclude>
    <ClInclude Include="inc\Intersection.h">
      <Filter>inc</Filter>
    </ClInclude>
    <ClInclude Include="inc\BrepBoolean.h">
      <Filter>inc</Filter>
    </ClInclude>
    <ClInclude Include="inc\WireOps.h">
      <Filter>inc</Filter>
    </ClInclude>
    <ClInclude Include="inc\ShellOps.h">
      <Filter>inc</Filter>
    </ClInclude>
    <ClInclude Include="inc\GeoMeshBoolean.h">
      <Filter>inc</Filter>
    </ClInclude>
    <ClInclude Include="inc\SelfTest.h">
      <Filter>inc</Filter>
    </ClInclude>
    <ClInclude Include="inc\FeatureSpec.h">
      <Filter>inc</Filter>
    </ClInclude>
    <ClInclude Include="inc\BrepImportArtifacts.h">
      <Filter>inc</Filter>
    </ClInclude>
    <ClInclude Include="inc\MeshSurfaceReconstruction.h">
      <Filter>inc</Filter>
    </ClInclude>
    <ClInclude Include="inc\ShapeHandle.h">
      <Filter>inc</Filter>
    </ClInclude>
    <ClInclude Include="inc\ShapeIo.h">
      <Filter>inc</Filter>
    </ClInclude>
    <ClInclude Include="inc\TemplateBrepRegistration.h">
      <Filter>inc</Filter>
    </ClInclude>
    <ClInclude Include="inc\TemplateBrepUpdate.h">
      <Filter>inc</Filter>
    </ClInclude>
    <ClInclude Include="inc\TrajectoryProjection.h">
      <Filter>inc</Filter>
    </ClInclude>
    <ClInclude Include="inc\ViewTessellate.h">
      <Filter>inc</Filter>
    </ClInclude>
  </ItemGroup>
  <ItemGroup>
    <ClCompile Include="source\ShapeQuery.cpp">
      <Filter>src</Filter>
    </ClCompile>
    <ClCompile Include="source\ShapeIo.cpp">
      <Filter>src</Filter>
    </ClCompile>
    <ClCompile Include="source\Discretize.cpp">
      <Filter>src</Filter>
    </ClCompile>
    <ClCompile Include="source\DiscretizeEdge.cpp">
      <Filter>src</Filter>
    </ClCompile>
    <ClCompile Include="source\MeshDiscretize.cpp">
      <Filter>src</Filter>
    </ClCompile>
    <ClCompile Include="source\Intersection.cpp">
      <Filter>src</Filter>
    </ClCompile>
    <ClCompile Include="source\BrepBoolean.cpp">
      <Filter>src</Filter>
    </ClCompile>
    <ClCompile Include="source\WireOps.cpp">
      <Filter>src</Filter>
    </ClCompile>
    <ClCompile Include="source\ShellOps.cpp">
      <Filter>src</Filter>
    </ClCompile>
    <ClCompile Include="source\MeshBoolean.cpp">
      <Filter>src</Filter>
    </ClCompile>
    <ClCompile Include="source\SelfTest.cpp">
      <Filter>src</Filter>
    </ClCompile>
    <ClCompile Include="source\FeatureDiscretize.cpp">
      <Filter>src</Filter>
    </ClCompile>
    <ClCompile Include="source\MeshSurfaceReconstruction\BoundaryBlend.cpp">
      <Filter>src</Filter>
    </ClCompile>
    <ClCompile Include="source\BrepImportArtifacts.cpp">
      <Filter>src</Filter>
    </ClCompile>
    <ClCompile Include="source\MeshSurfaceReconstruction\BsplineSurfaceFairing.cpp">
      <Filter>src</Filter>
    </ClCompile>
    <ClCompile Include="source\MeshSurfaceReconstruction\InitialBsplinePatch.cpp">
      <Filter>src</Filter>
    </ClCompile>
    <ClCompile Include="source\MeshSurfaceReconstruction\JunctionBlend.cpp">
      <Filter>src</Filter>
    </ClCompile>
    <ClCompile Include="source\MeshSurfaceReconstruction.cpp">
      <Filter>src</Filter>
    </ClCompile>
    <ClCompile Include="source\MeshSurfaceReconstruction\MeshSurfaceReconstructionAssemble.cpp">
      <Filter>src</Filter>
    </ClCompile>
    <ClCompile Include="source\MeshSurfaceReconstruction\MeshSurfaceReconstructionOcct.cpp">
      <Filter>src</Filter>
    </ClCompile>
    <ClCompile Include="source\MeshSurfaceReconstruction\MeshSurfaceReconstructionPartitionCommon.cpp">
      <Filter>src</Filter>
    </ClCompile>
    <ClCompile Include="source\MeshSurfaceReconstruction\MeshSurfaceReconstructionPartitionHybrid.cpp">
      <Filter>src</Filter>
    </ClCompile>
    <ClCompile Include="source\MeshSurfaceReconstruction\MeshSurfaceReconstructionPatchDualGraph.cpp">
      <Filter>src</Filter>
    </ClCompile>
    <ClCompile Include="source\MeshSurfaceReconstruction\MeshSurfaceReconstructionUtils.cpp">
      <Filter>src</Filter>
    </ClCompile>
    <ClCompile Include="source\MeshSurfaceReconstruction\MeshSurfaceReconstructionValidate.cpp">
      <Filter>src</Filter>
    </ClCompile>
    <ClCompile Include="source\MeshSurfaceReconstruction\NurbsSurfaceFitting.cpp">
      <Filter>src</Filter>
    </ClCompile>
    <ClCompile Include="source\MeshSurfaceReconstruction\PatchParameterize.cpp">
      <Filter>src</Filter>
    </ClCompile>
    <ClCompile Include="source\ShapeHandle.cpp">
      <Filter>src</Filter>
    </ClCompile>
    <ClCompile Include="source\TemplateBrepRegistration.cpp">
      <Filter>src</Filter>
    </ClCompile>
    <ClCompile Include="source\TemplateBrepUpdate.cpp">
      <Filter>src</Filter>
    </ClCompile>
    <ClCompile Include="source\TrajectoryProjection.cpp">
      <Filter>src</Filter>
    </ClCompile>
    <ClCompile Include="source\ViewTessellate.cpp">
      <Filter>src</Filter>
    </ClCompile>
  </ItemGroup>
</Project>