<?xml version="1.0" encoding="utf-8"?>
<Project ToolsVersion="4.0" xmlns="http://schemas.microsoft.com/developer/msbuild/2003">
  <ItemGroup>
    <ClInclude Include="inc\robot_urdf_global.h">
      <Filter>inc</Filter>
    </ClInclude>
    <ClInclude Include="inc\RobotSimulationTypes.h">
      <Filter>inc</Filter>
    </ClInclude>
    <ClInclude Include="inc\UrdfRobotLoader.h">
      <Filter>inc</Filter>
    </ClInclude>
  </ItemGroup>
  <ItemGroup>
    <Filter Include="inc">
      <UniqueIdentifier>{6af0f0e4-35d1-446c-90e7-f960bc436918}</UniqueIdentifier>
    </Filter>
    <Filter Include="src">
      <UniqueIdentifier>{a0d298ac-b435-452b-947b-bf9b4eabce76}</UniqueIdentifier>
    </Filter>
  </ItemGroup>
  <ItemGroup>
    <ClCompile Include="source\UrdfRobotLoader.cpp">
      <Filter>src</Filter>
    </ClCompile>
  </ItemGroup>
</Project>